# @generated - this file is auto-generated by `mise lock` https://mise.jdx.dev/dev-tools/mise-lock.html

[[tools.aws-cli]]
version = "2.34.5"
backend = "aqua:aws/aws-cli"

[tools.aws-cli."platforms.linux-arm64"]
url = "https://awscli.amazonaws.com/awscli-exe-linux-aarch64-2.34.5.zip"

[tools.aws-cli."platforms.linux-arm64-musl"]
url = "https://awscli.amazonaws.com/awscli-exe-linux-aarch64-2.34.5.zip"

[tools.aws-cli."platforms.linux-x64"]
checksum = "blake3:aee54c4bd39edce7e063d414366eb2a4e4a610efb2c9676d9f1c807edd94496b"
url = "https://awscli.amazonaws.com/awscli-exe-linux-x86_64-2.34.5.zip"

[tools.aws-cli."platforms.linux-x64-baseline"]
url = "https://awscli.amazonaws.com/awscli-exe-linux-x86_64-2.34.5.zip"

[tools.aws-cli."platforms.linux-x64-musl"]
url = "https://awscli.amazonaws.com/awscli-exe-linux-x86_64-2.34.5.zip"

[tools.aws-cli."platforms.linux-x64-musl-baseline"]
url = "https://awscli.amazonaws.com/awscli-exe-linux-x86_64-2.34.5.zip"

[tools.aws-cli."platforms.macos-arm64"]
url = "https://awscli.amazonaws.com/AWSCLIV2-2.34.5.pkg"

[tools.aws-cli."platforms.macos-x64"]
url = "https://awscli.amazonaws.com/AWSCLIV2-2.34.5.pkg"

[tools.aws-cli."platforms.macos-x64-baseline"]
url = "https://awscli.amazonaws.com/AWSCLIV2-2.34.5.pkg"

[[tools.bat]]
version = "0.26.1"
backend = "aqua:sharkdp/bat"

[[tools.bitwarden]]
version = "2026.2.0"
backend = "aqua:bitwarden/clients"

[tools.bitwarden."platforms.linux-x64"]
checksum = "sha256:8d73e2a471993db8b2e6e4f69293a71e28e9b4c2cb4b696665f5f396126e1850"
url = "https://github.com/bitwarden/clients/releases/download/cli-v2026.2.0/bw-linux-2026.2.0.zip"

[tools.bitwarden."platforms.macos-arm64"]
checksum = "sha256:60cc5109b1cdad560231e02098f1ab2d16efa821d51c6ec089cb5c3cc351b2e5"
url = "https://github.com/bitwarden/clients/releases/download/cli-v2026.2.0/bw-macos-2026.2.0.zip"

[tools.bitwarden."platforms.macos-x64"]
checksum = "sha256:60cc5109b1cdad560231e02098f1ab2d16efa821d51c6ec089cb5c3cc351b2e5"
url = "https://github.com/bitwarden/clients/releases/download/cli-v2026.2.0/bw-macos-2026.2.0.zip"

[tools.bitwarden."platforms.windows-x64"]
checksum = "sha256:6e7fe65ef0d0401af20bb739cb81469a0c001d9ee249ceea4a86974ae27a4c46"
url = "https://github.com/bitwarden/clients/releases/download/cli-v2026.2.0/bw-windows-2026.2.0.zip"

[[tools.bottom]]
version = "0.12.3"
backend = "aqua:ClementTsang/bottom"

[[tools.bun]]
version = "1.3.10"
backend = "core:bun"

[tools.bun."platforms.linux-arm64"]
checksum = "sha256:fa5ecb25cafa8e8f5c87a0f833719d46dd0af0a86c7837d806531212d55636d3"
url = "https://github.com/oven-sh/bun/releases/download/bun-v1.3.10/bun-linux-aarch64.zip"

[tools.bun."platforms.linux-arm64-musl"]
checksum = "sha256:d2c81365a2e529b78a42330d3a0056e8dbd7896b4a6782c8e392b6532141e34d"
url = "https://github.com/oven-sh/bun/releases/download/bun-v1.3.10/bun-linux-aarch64-musl.zip"

[tools.bun."platforms.linux-x64"]
checksum = "sha256:f57bc0187e39623de716ba3a389fda5486b2d7be7131a980ba54dc7b733d2e08"
url = "https://github.com/oven-sh/bun/releases/download/bun-v1.3.10/bun-linux-x64.zip"

[tools.bun."platforms.linux-x64-baseline"]
checksum = "sha256:41201a8c5ee74a9dcbb1ce25a1104f1f929838b57a845aa78d98379b0ce7cde2"
url = "https://github.com/oven-sh/bun/releases/download/bun-v1.3.10/bun-linux-x64-baseline.zip"

[tools.bun."platforms.linux-x64-musl"]
checksum = "sha256:48a6c32277d343db0148ce066336472ffd380358a4d26bb1329714742492d824"
url = "https://github.com/oven-sh/bun/releases/download/bun-v1.3.10/bun-linux-x64-musl.zip"

[tools.bun."platforms.linux-x64-musl-baseline"]
checksum = "sha256:a7bc4cdea1ef255a83adbf39c7aafcd30e09f2b8f74deec4b10ee318bc024d1f"
url = "https://github.com/oven-sh/bun/releases/download/bun-v1.3.10/bun-linux-x64-musl-baseline.zip"

[tools.bun."platforms.macos-arm64"]
checksum = "sha256:82034e87c9d9b4398ea619aee2eed5d2a68c8157e9a6ae2d1052d84d533ccd8d"
url = "https://github.com/oven-sh/bun/releases/download/bun-v1.3.10/bun-darwin-aarch64.zip"

[tools.bun."platforms.macos-x64"]
checksum = "sha256:c1d90bf6140f20e572c473065dc6b37a4b036349b5e9e4133779cc642ad94323"
url = "https://github.com/oven-sh/bun/releases/download/bun-v1.3.10/bun-darwin-x64.zip"

[tools.bun."platforms.macos-x64-baseline"]
checksum = "sha256:f9686c4e4e760db4cde77a0f1fad05e552648b9c9cbfa4f7fc9a7ec26b9f3267"
url = "https://github.com/oven-sh/bun/releases/download/bun-v1.3.10/bun-darwin-x64-baseline.zip"

[tools.bun."platforms.windows-x64"]
checksum = "sha256:7a77b3e245e2e26965c93089a4a1332e8a326d3364c89fae1d1fd99cdd3cd73d"
url = "https://github.com/oven-sh/bun/releases/download/bun-v1.3.10/bun-windows-x64.zip"

[tools.bun."platforms.windows-x64-baseline"]
checksum = "sha256:715709c69b176e20994533d3292bd0b7c32de9c0c5575b916746ec6b2aa38346"
url = "https://github.com/oven-sh/bun/releases/download/bun-v1.3.10/bun-windows-x64-baseline.zip"

[[tools.cargo-binstall]]
version = "1.17.7"
backend = "aqua:cargo-bins/cargo-binstall"

[tools.cargo-binstall."platforms.linux-arm64"]
checksum = "sha256:b0658b0a7f0959bc1dbb4ab665931c31c7dd1109ff01cb8772af17dfdc52a9af"
url = "https://github.com/cargo-bins/cargo-binstall/releases/download/v1.17.7/cargo-binstall-aarch64-unknown-linux-musl.tgz"

[tools.cargo-binstall."platforms.linux-arm64-musl"]
checksum = "sha256:b0658b0a7f0959bc1dbb4ab665931c31c7dd1109ff01cb8772af17dfdc52a9af"
url = "https://github.com/cargo-bins/cargo-binstall/releases/download/v1.17.7/cargo-binstall-aarch64-unknown-linux-musl.tgz"

[tools.cargo-binstall."platforms.linux-x64"]
checksum = "sha256:29b5ecfb6e03c2511a617c77d312b06df0c54717644fbfda3d465ec8240532f0"
url = "https://github.com/cargo-bins/cargo-binstall/releases/download/v1.17.7/cargo-binstall-x86_64-unknown-linux-musl.tgz"

[tools.cargo-binstall."platforms.linux-x64-baseline"]
checksum = "sha256:29b5ecfb6e03c2511a617c77d312b06df0c54717644fbfda3d465ec8240532f0"
url = "https://github.com/cargo-bins/cargo-binstall/releases/download/v1.17.7/cargo-binstall-x86_64-unknown-linux-musl.tgz"

[tools.cargo-binstall."platforms.linux-x64-musl"]
checksum = "sha256:29b5ecfb6e03c2511a617c77d312b06df0c54717644fbfda3d465ec8240532f0"
url = "https://github.com/cargo-bins/cargo-binstall/releases/download/v1.17.7/cargo-binstall-x86_64-unknown-linux-musl.tgz"

[tools.cargo-binstall."platforms.linux-x64-musl-baseline"]
checksum = "sha256:29b5ecfb6e03c2511a617c77d312b06df0c54717644fbfda3d465ec8240532f0"
url = "https://github.com/cargo-bins/cargo-binstall/releases/download/v1.17.7/cargo-binstall-x86_64-unknown-linux-musl.tgz"

[tools.cargo-binstall."platforms.macos-arm64"]
checksum = "sha256:1ad3c0c56fa3970634cce5009ed0ce61b943515f9115f8e480fd0e41d8d89085"
url = "https://github.com/cargo-bins/cargo-binstall/releases/download/v1.17.7/cargo-binstall-aarch64-apple-darwin.zip"

[tools.cargo-binstall."platforms.macos-x64"]
checksum = "sha256:aa7174fb938e668dea4b4c3d22fe6cefed97642cc3a7a419ba96d63d63fd729b"
url = "https://github.com/cargo-bins/cargo-binstall/releases/download/v1.17.7/cargo-binstall-x86_64-apple-darwin.zip"

[tools.cargo-binstall."platforms.macos-x64-baseline"]
checksum = "sha256:aa7174fb938e668dea4b4c3d22fe6cefed97642cc3a7a419ba96d63d63fd729b"
url = "https://github.com/cargo-bins/cargo-binstall/releases/download/v1.17.7/cargo-binstall-x86_64-apple-darwin.zip"

[tools.cargo-binstall."platforms.windows-x64"]
checksum = "sha256:c5cb2444ee04480502a8ac73d96abd9f97af8300ec04ea1c1f2a9e959c02e4d6"
url = "https://github.com/cargo-bins/cargo-binstall/releases/download/v1.17.7/cargo-binstall-x86_64-pc-windows-msvc.zip"

[tools.cargo-binstall."platforms.windows-x64-baseline"]
checksum = "sha256:c5cb2444ee04480502a8ac73d96abd9f97af8300ec04ea1c1f2a9e959c02e4d6"
url = "https://github.com/cargo-bins/cargo-binstall/releases/download/v1.17.7/cargo-binstall-x86_64-pc-windows-msvc.zip"

[[tools."cargo:dysk"]]
version = "3.6.0"
backend = "cargo:dysk"

[[tools."cargo:rmpc"]]
version = "0.11.0"
backend = "cargo:rmpc"

[[tools."cargo:sheldon"]]
version = "0.8.5"
backend = "cargo:sheldon"

[[tools.cmake]]
version = "4.2.3"
backend = "asdf:cmake"

[[tools.coreutils]]
version = "0.6.0"
backend = "aqua:uutils/coreutils"

[tools.coreutils."platforms.linux-arm64"]
checksum = "sha256:47a14a2ed2f64b2341731e0e15f916806b3f50cce0b6ffa2cae9ed531c0c9d33"
url = "https://github.com/uutils/coreutils/releases/download/0.6.0/coreutils-0.6.0-aarch64-unknown-linux-musl.tar.gz"

[tools.coreutils."platforms.linux-arm64-musl"]
checksum = "sha256:47a14a2ed2f64b2341731e0e15f916806b3f50cce0b6ffa2cae9ed531c0c9d33"
url = "https://github.com/uutils/coreutils/releases/download/0.6.0/coreutils-0.6.0-aarch64-unknown-linux-musl.tar.gz"

[tools.coreutils."platforms.linux-x64"]
checksum = "sha256:6ddc463115e501a3edd368af601be9b32613f1af3b910e63679b7b273882b304"
url = "https://github.com/uutils/coreutils/releases/download/0.6.0/coreutils-0.6.0-x86_64-unknown-linux-musl.tar.gz"

[tools.coreutils."platforms.linux-x64-baseline"]
checksum = "sha256:6ddc463115e501a3edd368af601be9b32613f1af3b910e63679b7b273882b304"
url = "https://github.com/uutils/coreutils/releases/download/0.6.0/coreutils-0.6.0-x86_64-unknown-linux-musl.tar.gz"

[tools.coreutils."platforms.linux-x64-musl"]
checksum = "sha256:6ddc463115e501a3edd368af601be9b32613f1af3b910e63679b7b273882b304"
url = "https://github.com/uutils/coreutils/releases/download/0.6.0/coreutils-0.6.0-x86_64-unknown-linux-musl.tar.gz"

[tools.coreutils."platforms.linux-x64-musl-baseline"]
checksum = "sha256:6ddc463115e501a3edd368af601be9b32613f1af3b910e63679b7b273882b304"
url = "https://github.com/uutils/coreutils/releases/download/0.6.0/coreutils-0.6.0-x86_64-unknown-linux-musl.tar.gz"

[tools.coreutils."platforms.macos-arm64"]
checksum = "sha256:70319bbe063c015c8be25fd384478013f6f211fc7507282b6ed12f85eedb99dc"
url = "https://github.com/uutils/coreutils/releases/download/0.6.0/coreutils-0.6.0-aarch64-apple-darwin.tar.gz"

[tools.coreutils."platforms.macos-x64"]
checksum = "sha256:ffb6b57a6640f32895eaec7a5e31f2191860b036dce27769ddcd3fd2786f2865"
url = "https://github.com/uutils/coreutils/releases/download/0.6.0/coreutils-0.6.0-x86_64-apple-darwin.tar.gz"

[tools.coreutils."platforms.macos-x64-baseline"]
checksum = "sha256:ffb6b57a6640f32895eaec7a5e31f2191860b036dce27769ddcd3fd2786f2865"
url = "https://github.com/uutils/coreutils/releases/download/0.6.0/coreutils-0.6.0-x86_64-apple-darwin.tar.gz"

[tools.coreutils."platforms.windows-x64"]
checksum = "sha256:f223058a51e8a2a4b92d9f1a1b2954f7a02b6d0f42e4a7e0413fcdb93be2e287"
url = "https://github.com/uutils/coreutils/releases/download/0.6.0/coreutils-0.6.0-x86_64-pc-windows-msvc.zip"

[tools.coreutils."platforms.windows-x64-baseline"]
checksum = "sha256:f223058a51e8a2a4b92d9f1a1b2954f7a02b6d0f42e4a7e0413fcdb93be2e287"
url = "https://github.com/uutils/coreutils/releases/download/0.6.0/coreutils-0.6.0-x86_64-pc-windows-msvc.zip"

[[tools.cosign]]
version = "3.0.5"
backend = "aqua:sigstore/cosign"

[tools.cosign."platforms.linux-arm64"]
checksum = "sha256:d098f3168ae4b3aa70b4ca78947329b953272b487727d1722cb3cb098a1a20ab"
url = "https://github.com/sigstore/cosign/releases/download/v3.0.5/cosign-linux-arm64"

[tools.cosign."platforms.linux-x64"]
checksum = "sha256:db15cc99e6e4837daabab023742aaddc3841ce57f193d11b7c3e06c8003642b2"
url = "https://github.com/sigstore/cosign/releases/download/v3.0.5/cosign-linux-amd64"

[tools.cosign."platforms.macos-arm64"]
checksum = "sha256:4888c898e2901521a6bd4cf4f0383c9465588a6a46ecd2465ad34faf13f09eb7"
url = "https://github.com/sigstore/cosign/releases/download/v3.0.5/cosign-darwin-arm64"

[tools.cosign."platforms.macos-x64"]
checksum = "sha256:e032c44d3f7c247bbb2966b41239f88ffba002497a4516358d327ad5693c386f"
url = "https://github.com/sigstore/cosign/releases/download/v3.0.5/cosign-darwin-amd64"

[tools.cosign."platforms.windows-x64"]
checksum = "sha256:44e9e44202b67ddfaaf5ea1234f5a265417960c4ae98c5b57c35bc40ba9dd714"
url = "https://github.com/sigstore/cosign/releases/download/v3.0.5/cosign-windows-amd64.exe"

[[tools.delta]]
version = "0.18.2"
backend = "aqua:dandavison/delta"

[[tools.deno]]
version = "2.7.4"
backend = "core:deno"

[tools.deno."platforms.linux-arm64"]
checksum = "sha256:d2b99d1c072cab6ec8ececda1a1bd5889a9ea5217fafd9a9a9f5b0e56ef5e9cd"
url = "https://dl.deno.land/release/v2.7.4/deno-aarch64-unknown-linux-gnu.zip"

[tools.deno."platforms.linux-x64"]
checksum = "sha256:aef56590931e785af10bdab2077a2a01344b620c78b7086b88ebca73962ef25d"
url = "https://dl.deno.land/release/v2.7.4/deno-x86_64-unknown-linux-gnu.zip"

[tools.deno."platforms.macos-arm64"]
checksum = "sha256:65ccaf62b0e9ded08c02cb102d54c1c9f8249592218cb3cb038eb818a94cfbf8"
url = "https://dl.deno.land/release/v2.7.4/deno-aarch64-apple-darwin.zip"

[tools.deno."platforms.macos-x64"]
checksum = "sha256:a4b7bddeae8f2050b08e6228bce8368a1a08ea021f1c45f31976f39e3b1ee509"
url = "https://dl.deno.land/release/v2.7.4/deno-x86_64-apple-darwin.zip"

[tools.deno."platforms.windows-x64"]
checksum = "sha256:Algorithm"
url = "https://dl.deno.land/release/v2.7.4/deno-x86_64-pc-windows-msvc.zip"

[[tools.dotnet]]
version = "10.0.103"
backend = "vfox:mise-plugins/vfox-dotnet"

[[tools.eza]]
version = "0.23.4"
backend = "aqua:eza-community/eza"

[[tools.fd]]
version = "10.4.2"
backend = "aqua:sharkdp/fd"

[tools.fd."platforms.linux-arm64"]
checksum = "sha256:f32d3657473fba74e2600babc8db0b93420d51169223b7e8143b2ed55d8fd9e8"
url = "https://github.com/sharkdp/fd/releases/download/v10.4.2/fd-v10.4.2-aarch64-unknown-linux-musl.tar.gz"

[tools.fd."platforms.linux-arm64-musl"]
checksum = "sha256:f32d3657473fba74e2600babc8db0b93420d51169223b7e8143b2ed55d8fd9e8"
url = "https://github.com/sharkdp/fd/releases/download/v10.4.2/fd-v10.4.2-aarch64-unknown-linux-musl.tar.gz"

[tools.fd."platforms.linux-x64"]
checksum = "sha256:e3257d48e29a6be965187dbd24ce9af564e0fe67b3e73c9bdcd180f4ec11bdde"
url = "https://github.com/sharkdp/fd/releases/download/v10.4.2/fd-v10.4.2-x86_64-unknown-linux-musl.tar.gz"

[tools.fd."platforms.linux-x64-baseline"]
checksum = "sha256:e3257d48e29a6be965187dbd24ce9af564e0fe67b3e73c9bdcd180f4ec11bdde"
url = "https://github.com/sharkdp/fd/releases/download/v10.4.2/fd-v10.4.2-x86_64-unknown-linux-musl.tar.gz"

[tools.fd."platforms.linux-x64-musl"]
checksum = "sha256:e3257d48e29a6be965187dbd24ce9af564e0fe67b3e73c9bdcd180f4ec11bdde"
url = "https://github.com/sharkdp/fd/releases/download/v10.4.2/fd-v10.4.2-x86_64-unknown-linux-musl.tar.gz"

[tools.fd."platforms.linux-x64-musl-baseline"]
checksum = "sha256:e3257d48e29a6be965187dbd24ce9af564e0fe67b3e73c9bdcd180f4ec11bdde"
url = "https://github.com/sharkdp/fd/releases/download/v10.4.2/fd-v10.4.2-x86_64-unknown-linux-musl.tar.gz"

[tools.fd."platforms.macos-arm64"]
checksum = "sha256:623dc0afc81b92e4d4606b380d7bc91916ba7b97814263e554d50923a39e480a"
url = "https://github.com/sharkdp/fd/releases/download/v10.4.2/fd-v10.4.2-aarch64-apple-darwin.tar.gz"

[tools.fd."platforms.windows-x64"]
checksum = "sha256:b2816e506390a89941c63c9187d58a3cc10e9a55f2ef0685f9ea0eccaf7c98c8"
url = "https://github.com/sharkdp/fd/releases/download/v10.4.2/fd-v10.4.2-x86_64-pc-windows-msvc.zip"

[tools.fd."platforms.windows-x64-baseline"]
checksum = "sha256:b2816e506390a89941c63c9187d58a3cc10e9a55f2ef0685f9ea0eccaf7c98c8"
url = "https://github.com/sharkdp/fd/releases/download/v10.4.2/fd-v10.4.2-x86_64-pc-windows-msvc.zip"

[[tools.fzf]]
version = "0.70.0"
backend = "aqua:junegunn/fzf"

[tools.fzf."platforms.linux-arm64"]
checksum = "sha256:90a07a13b61f56dd59ccfd0f0bf05070e9cec067713d313fa2607aab2dc0e422"
url = "https://github.com/junegunn/fzf/releases/download/v0.70.0/fzf-0.70.0-linux_arm64.tar.gz"

[tools.fzf."platforms.linux-x64"]
checksum = "sha256:8fd0e0b93bdf64ba90081ffb6658d77ea5a024c122b36852b1de30f9d2733754"
url = "https://github.com/junegunn/fzf/releases/download/v0.70.0/fzf-0.70.0-linux_amd64.tar.gz"

[tools.fzf."platforms.macos-arm64"]
checksum = "sha256:75f4905c2e3d00666d81dffdd001bb2a9a8e0ad4e4ac8cecfc17a7401b99e6e4"
url = "https://github.com/junegunn/fzf/releases/download/v0.70.0/fzf-0.70.0-darwin_arm64.tar.gz"

[tools.fzf."platforms.macos-x64"]
checksum = "sha256:46af74cfeb171c5e2eb936096a653061a0de0f5aeb70319bf9935d8d193e078f"
url = "https://github.com/junegunn/fzf/releases/download/v0.70.0/fzf-0.70.0-darwin_amd64.tar.gz"

[tools.fzf."platforms.windows-x64"]
checksum = "sha256:7465a6738e2c844742df973459c7509aed2d10d7a72bfd6de201b867b4eda4cd"
url = "https://github.com/junegunn/fzf/releases/download/v0.70.0/fzf-0.70.0-windows_amd64.zip"

[[tools."github:tectonic-typesetting/tectonic"]]
version = "tectonic@0.15.0"
backend = "github:tectonic-typesetting/tectonic"

[[tools.glab]]
version = "1.89.0"
backend = "gitlab:gitlab-org/cli"

[tools.glab."platforms.linux-arm64"]
checksum = "sha256:54bd67ce51aff625de1c638f1cc1acb6198fd45d45208e8c44cd0f9ea5614ab4"
url = "https://gitlab.com/gitlab-org/cli/-/releases/v1.89.0/downloads/glab_1.89.0_linux_arm64.tar.gz"
url_api = "https://gitlab.com/api/v4/projects/gitlab-org%2Fcli/packages/generic/glab/1%2E89%2E0/glab_1%2E89%2E0_linux_arm64%2Etar%2Egz"

[tools.glab."platforms.linux-arm64-musl"]
checksum = "sha256:54bd67ce51aff625de1c638f1cc1acb6198fd45d45208e8c44cd0f9ea5614ab4"
url = "https://gitlab.com/gitlab-org/cli/-/releases/v1.89.0/downloads/glab_1.89.0_linux_arm64.tar.gz"
url_api = "https://gitlab.com/api/v4/projects/gitlab-org%2Fcli/packages/generic/glab/1%2E89%2E0/glab_1%2E89%2E0_linux_arm64%2Etar%2Egz"

[tools.glab."platforms.linux-x64"]
checksum = "sha256:941fdc97d80a88be858fee9f01cc82a7a2417e11f627689ab46f475141d0afc9"
url = "https://gitlab.com/gitlab-org/cli/-/releases/v1.89.0/downloads/glab_1.89.0_linux_amd64.tar.gz"
url_api = "https://gitlab.com/api/v4/projects/gitlab-org%2Fcli/packages/generic/glab/1%2E89%2E0/glab_1%2E89%2E0_linux_amd64%2Etar%2Egz"

[tools.glab."platforms.linux-x64-baseline"]
checksum = "sha256:941fdc97d80a88be858fee9f01cc82a7a2417e11f627689ab46f475141d0afc9"
url = "https://gitlab.com/gitlab-org/cli/-/releases/v1.89.0/downloads/glab_1.89.0_linux_amd64.tar.gz"
url_api = "https://gitlab.com/api/v4/projects/gitlab-org%2Fcli/packages/generic/glab/1%2E89%2E0/glab_1%2E89%2E0_linux_amd64%2Etar%2Egz"

[tools.glab."platforms.linux-x64-musl"]
checksum = "sha256:941fdc97d80a88be858fee9f01cc82a7a2417e11f627689ab46f475141d0afc9"
url = "https://gitlab.com/gitlab-org/cli/-/releases/v1.89.0/downloads/glab_1.89.0_linux_amd64.tar.gz"
url_api = "https://gitlab.com/api/v4/projects/gitlab-org%2Fcli/packages/generic/glab/1%2E89%2E0/glab_1%2E89%2E0_linux_amd64%2Etar%2Egz"

[tools.glab."platforms.linux-x64-musl-baseline"]
checksum = "sha256:941fdc97d80a88be858fee9f01cc82a7a2417e11f627689ab46f475141d0afc9"
url = "https://gitlab.com/gitlab-org/cli/-/releases/v1.89.0/downloads/glab_1.89.0_linux_amd64.tar.gz"
url_api = "https://gitlab.com/api/v4/projects/gitlab-org%2Fcli/packages/generic/glab/1%2E89%2E0/glab_1%2E89%2E0_linux_amd64%2Etar%2Egz"

[tools.glab."platforms.macos-arm64"]
checksum = "sha256:37489d7556d47424587d52edb8fa3fd588e369174097498f748bbb108106f42c"
url = "https://gitlab.com/gitlab-org/cli/-/releases/v1.89.0/downloads/glab_1.89.0_darwin_arm64.tar.gz"
url_api = "https://gitlab.com/api/v4/projects/gitlab-org%2Fcli/packages/generic/glab/1%2E89%2E0/glab_1%2E89%2E0_darwin_arm64%2Etar%2Egz"

[tools.glab."platforms.macos-x64"]
checksum = "sha256:0ff3e452f07a6384cbb261837c9ff3a051cfee737a401bea321a8f2d36094245"
url = "https://gitlab.com/gitlab-org/cli/-/releases/v1.89.0/downloads/glab_1.89.0_darwin_amd64.tar.gz"
url_api = "https://gitlab.com/api/v4/projects/gitlab-org%2Fcli/packages/generic/glab/1%2E89%2E0/glab_1%2E89%2E0_darwin_amd64%2Etar%2Egz"

[tools.glab."platforms.macos-x64-baseline"]
checksum = "sha256:0ff3e452f07a6384cbb261837c9ff3a051cfee737a401bea321a8f2d36094245"
url = "https://gitlab.com/gitlab-org/cli/-/releases/v1.89.0/downloads/glab_1.89.0_darwin_amd64.tar.gz"
url_api = "https://gitlab.com/api/v4/projects/gitlab-org%2Fcli/packages/generic/glab/1%2E89%2E0/glab_1%2E89%2E0_darwin_amd64%2Etar%2Egz"

[tools.glab."platforms.windows-x64"]
checksum = "sha256:d5dc9879b447f1b28e58f4480da2901dd5302809efc65d62fab496da509f04cf"
url = "https://gitlab.com/gitlab-org/cli/-/releases/v1.89.0/downloads/glab_1.89.0_windows_amd64.zip"
url_api = "https://gitlab.com/api/v4/projects/gitlab-org%2Fcli/packages/generic/glab/1%2E89%2E0/glab_1%2E89%2E0_windows_amd64%2Ezip"

[tools.glab."platforms.windows-x64-baseline"]
checksum = "sha256:d5dc9879b447f1b28e58f4480da2901dd5302809efc65d62fab496da509f04cf"
url = "https://gitlab.com/gitlab-org/cli/-/releases/v1.89.0/downloads/glab_1.89.0_windows_amd64.zip"
url_api = "https://gitlab.com/api/v4/projects/gitlab-org%2Fcli/packages/generic/glab/1%2E89%2E0/glab_1%2E89%2E0_windows_amd64%2Ezip"

[[tools.go]]
version = "1.26.1"
backend = "core:go"

[tools.go."platforms.linux-arm64"]
checksum = "sha256:a290581cfe4fe28ddd737dde3095f3dbeb7f2e4065cab4eae44dfc53b760c2f7"
url = "https://dl.google.com/go/go1.26.1.linux-arm64.tar.gz"

[tools.go."platforms.linux-x64"]
checksum = "sha256:031f088e5d955bab8657ede27ad4e3bc5b7c1ba281f05f245bcc304f327c987a"
url = "https://dl.google.com/go/go1.26.1.linux-amd64.tar.gz"

[tools.go."platforms.macos-arm64"]
checksum = "sha256:353df43a7811ce284c8938b5f3c7df40b7bfb6f56cb165b150bc40b5e2dd541f"
url = "https://dl.google.com/go/go1.26.1.darwin-arm64.tar.gz"

[tools.go."platforms.macos-x64"]
checksum = "sha256:65773dab2f8cc4cd23d93ba6d0a805de150ca0b78378879292be0b903b8cdd08"
url = "https://dl.google.com/go/go1.26.1.darwin-amd64.tar.gz"

[tools.go."platforms.windows-x64"]
checksum = "sha256:9b68112c913f45b7aebbf13c036721264bbba7e03a642f8f7490c561eebd1ecc"
url = "https://dl.google.com/go/go1.26.1.windows-amd64.zip"

[[tools."go:github.com/boyter/scc"]]
version = "2.12.0+incompatible"
backend = "go:github.com/boyter/scc"

[[tools.java]]
version = "corretto-25.0.2.10.1"
backend = "core:java"

[[tools.just]]
version = "1.46.0"
backend = "aqua:casey/just"

[[tools.kotlin]]
version = "2.3.10"
backend = "asdf:kotlin"

[tools.kotlin."platforms.linux-arm64"]
url = "https://github.com/JetBrains/kotlin/releases/download/v2.3.10/kotlin-compiler-2.3.10.zip"

[tools.kotlin."platforms.linux-arm64-musl"]
url = "https://github.com/JetBrains/kotlin/releases/download/v2.3.10/kotlin-compiler-2.3.10.zip"

[tools.kotlin."platforms.linux-x64"]
url = "https://github.com/JetBrains/kotlin/releases/download/v2.3.10/kotlin-compiler-2.3.10.zip"

[tools.kotlin."platforms.linux-x64-baseline"]
url = "https://github.com/JetBrains/kotlin/releases/download/v2.3.10/kotlin-compiler-2.3.10.zip"

[tools.kotlin."platforms.linux-x64-musl"]
url = "https://github.com/JetBrains/kotlin/releases/download/v2.3.10/kotlin-compiler-2.3.10.zip"

[tools.kotlin."platforms.linux-x64-musl-baseline"]
url = "https://github.com/JetBrains/kotlin/releases/download/v2.3.10/kotlin-compiler-2.3.10.zip"

[tools.kotlin."platforms.macos-arm64"]
url = "https://github.com/JetBrains/kotlin/releases/download/v2.3.10/kotlin-compiler-2.3.10.zip"

[tools.kotlin."platforms.macos-x64"]
url = "https://github.com/JetBrains/kotlin/releases/download/v2.3.10/kotlin-compiler-2.3.10.zip"

[tools.kotlin."platforms.macos-x64-baseline"]
url = "https://github.com/JetBrains/kotlin/releases/download/v2.3.10/kotlin-compiler-2.3.10.zip"

[tools.kotlin."platforms.windows-x64"]
url = "https://github.com/JetBrains/kotlin/releases/download/v2.3.10/kotlin-compiler-2.3.10.zip"

[tools.kotlin."platforms.windows-x64-baseline"]
url = "https://github.com/JetBrains/kotlin/releases/download/v2.3.10/kotlin-compiler-2.3.10.zip"

[[tools.lazygit]]
version = "0.60.0"
backend = "aqua:jesseduffield/lazygit"

[tools.lazygit."platforms.linux-arm64"]
checksum = "sha256:2c699579165416eede4d2cfaf7d76ccd8f3b20f20f2e8b4abff6b5a6350fcdd7"
url = "https://github.com/jesseduffield/lazygit/releases/download/v0.60.0/lazygit_0.60.0_linux_arm64.tar.gz"

[tools.lazygit."platforms.linux-arm64-musl"]
checksum = "sha256:2c699579165416eede4d2cfaf7d76ccd8f3b20f20f2e8b4abff6b5a6350fcdd7"
url = "https://github.com/jesseduffield/lazygit/releases/download/v0.60.0/lazygit_0.60.0_linux_arm64.tar.gz"

[tools.lazygit."platforms.linux-x64"]
checksum = "sha256:6252ca6cf98bc4fd3e0d927b54225910cfa57b065d0ad88263f14592f7f9ab15"
url = "https://github.com/jesseduffield/lazygit/releases/download/v0.60.0/lazygit_0.60.0_linux_x86_64.tar.gz"

[tools.lazygit."platforms.linux-x64-baseline"]
checksum = "sha256:6252ca6cf98bc4fd3e0d927b54225910cfa57b065d0ad88263f14592f7f9ab15"
url = "https://github.com/jesseduffield/lazygit/releases/download/v0.60.0/lazygit_0.60.0_linux_x86_64.tar.gz"

[tools.lazygit."platforms.linux-x64-musl"]
checksum = "sha256:6252ca6cf98bc4fd3e0d927b54225910cfa57b065d0ad88263f14592f7f9ab15"
url = "https://github.com/jesseduffield/lazygit/releases/download/v0.60.0/lazygit_0.60.0_linux_x86_64.tar.gz"

[tools.lazygit."platforms.linux-x64-musl-baseline"]
checksum = "sha256:6252ca6cf98bc4fd3e0d927b54225910cfa57b065d0ad88263f14592f7f9ab15"
url = "https://github.com/jesseduffield/lazygit/releases/download/v0.60.0/lazygit_0.60.0_linux_x86_64.tar.gz"

[tools.lazygit."platforms.macos-arm64"]
checksum = "sha256:5045f0ff2117f12cb5232d65e01c054eb9ea6b8e2f0f0b80e99fbaa589b581b9"
url = "https://github.com/jesseduffield/lazygit/releases/download/v0.60.0/lazygit_0.60.0_darwin_arm64.tar.gz"

[tools.lazygit."platforms.macos-x64"]
checksum = "sha256:9210a8bd8bf18537f9d7747361c8eba62518e10e4d5fbfe915cf110635eaab78"
url = "https://github.com/jesseduffield/lazygit/releases/download/v0.60.0/lazygit_0.60.0_darwin_x86_64.tar.gz"

[tools.lazygit."platforms.macos-x64-baseline"]
checksum = "sha256:9210a8bd8bf18537f9d7747361c8eba62518e10e4d5fbfe915cf110635eaab78"
url = "https://github.com/jesseduffield/lazygit/releases/download/v0.60.0/lazygit_0.60.0_darwin_x86_64.tar.gz"

[tools.lazygit."platforms.windows-x64"]
checksum = "sha256:435b53165ff4604e201549b9317eb0b8bb5b3f6728be612656988e90c821a9b9"
url = "https://github.com/jesseduffield/lazygit/releases/download/v0.60.0/lazygit_0.60.0_windows_x86_64.zip"

[tools.lazygit."platforms.windows-x64-baseline"]
checksum = "sha256:435b53165ff4604e201549b9317eb0b8bb5b3f6728be612656988e90c821a9b9"
url = "https://github.com/jesseduffield/lazygit/releases/download/v0.60.0/lazygit_0.60.0_windows_x86_64.zip"

[[tools.neovim]]
version = "0.11.6"
backend = "vfox:mise-plugins/vfox-neovim"

[[tools.node]]
version = "24.14.0"
backend = "core:node"

[tools.node."platforms.linux-arm64"]
checksum = "sha256:f44740cd218de8127f1c44c41510a3a740fa5c9c8d1cdce1c3bedada79f3cde7"
url = "https://nodejs.org/dist/v24.14.0/node-v24.14.0-linux-arm64.tar.gz"

[tools.node."platforms.linux-arm64-musl"]
checksum = "sha256:f44740cd218de8127f1c44c41510a3a740fa5c9c8d1cdce1c3bedada79f3cde7"
url = "https://nodejs.org/dist/v24.14.0/node-v24.14.0-linux-arm64.tar.gz"

[tools.node."platforms.linux-x64"]
checksum = "sha256:dbf5b8665dec15e59e6359a517fefb47b23fdb9152d8def975b9bca3dfc6d355"
url = "https://nodejs.org/dist/v24.14.0/node-v24.14.0-linux-x64.tar.gz"

[tools.node."platforms.linux-x64-baseline"]
checksum = "sha256:dbf5b8665dec15e59e6359a517fefb47b23fdb9152d8def975b9bca3dfc6d355"
url = "https://nodejs.org/dist/v24.14.0/node-v24.14.0-linux-x64.tar.gz"

[tools.node."platforms.linux-x64-musl"]
checksum = "sha256:dbf5b8665dec15e59e6359a517fefb47b23fdb9152d8def975b9bca3dfc6d355"
url = "https://nodejs.org/dist/v24.14.0/node-v24.14.0-linux-x64.tar.gz"

[tools.node."platforms.linux-x64-musl-baseline"]
checksum = "sha256:dbf5b8665dec15e59e6359a517fefb47b23fdb9152d8def975b9bca3dfc6d355"
url = "https://nodejs.org/dist/v24.14.0/node-v24.14.0-linux-x64.tar.gz"

[tools.node."platforms.macos-arm64"]
checksum = "sha256:a1a54f46a750d2523d628d924aab61758a51c9dad3e0238beb14141be9615dd3"
url = "https://nodejs.org/dist/v24.14.0/node-v24.14.0-darwin-arm64.tar.gz"

[tools.node."platforms.macos-x64"]
checksum = "sha256:f2879eb810e25993a0578e5d878930266fd2eafcffe9f2839b3d8db354d4879e"
url = "https://nodejs.org/dist/v24.14.0/node-v24.14.0-darwin-x64.tar.gz"

[tools.node."platforms.macos-x64-baseline"]
checksum = "sha256:f2879eb810e25993a0578e5d878930266fd2eafcffe9f2839b3d8db354d4879e"
url = "https://nodejs.org/dist/v24.14.0/node-v24.14.0-darwin-x64.tar.gz"

[tools.node."platforms.windows-x64"]
checksum = "sha256:313fa40c0d7b18575821de8cb17483031fe07d95de5994f6f435f3b345f85c66"
url = "https://nodejs.org/dist/v24.14.0/node-v24.14.0-win-x64.zip"

[tools.node."platforms.windows-x64-baseline"]
checksum = "sha256:313fa40c0d7b18575821de8cb17483031fe07d95de5994f6f435f3b345f85c66"
url = "https://nodejs.org/dist/v24.14.0/node-v24.14.0-win-x64.zip"

[[tools."npm:@commitlint/cli"]]
version = "20.4.3"
backend = "npm:@commitlint/cli"

[[tools."npm:@commitlint/config-conventional"]]
version = "20.4.3"
backend = "npm:@commitlint/config-conventional"

[[tools."npm:@mermaid-js/mermaid-cli"]]
version = "11.12.0"
backend = "npm:@mermaid-js/mermaid-cli"

[[tools."npm:aws-cdk"]]
version = "2.1110.0"
backend = "npm:aws-cdk"

[[tools."npm:commitlint-format-json"]]
version = "1.1.0"
backend = "npm:commitlint-format-json"

[[tools."npm:eslint"]]
version = "10.0.3"
backend = "npm:eslint"

[[tools."npm:eslint-config-prettier"]]
version = "10.1.8"
backend = "npm:eslint-config-prettier"

[[tools."npm:eslint-plugin-prettier"]]
version = "5.5.5"
backend = "npm:eslint-plugin-prettier"

[[tools."npm:license-report"]]
version = "6.8.2"
backend = "npm:license-report"

[[tools."npm:prettier"]]
version = "3.8.1"
backend = "npm:prettier"

[[tools."npm:stylelint"]]
version = "17.4.0"
backend = "npm:stylelint"

[[tools."npm:stylelint-prettier"]]
version = "5.0.3"
backend = "npm:stylelint-prettier"

[[tools."npm:typescript"]]
version = "5.9.3"
backend = "npm:typescript"

[[tools."npm:wsl-open"]]
version = "2.2.1"
backend = "npm:wsl-open"

[[tools.openbao]]
version = "2.5.1"
backend = "github:openbao/openbao"

[tools.openbao."platforms.linux-arm64"]
checksum = "sha256:106f48917b3994f6c2d3c61edf9ce6b774706cdc5ad08aa8c6610fe252292d23"
url = "https://github.com/openbao/openbao/releases/download/v2.5.1/bao-hsm_2.5.1_Linux_arm64.tar.gz"
url_api = "https://api.github.com/repos/openbao/openbao/releases/assets/360923387"

[tools.openbao."platforms.linux-x64"]
checksum = "sha256:e0688d2712a6f8b82881ab73420b098991e81aa6f8c20f3fb9e56822b61ce958"
url = "https://github.com/openbao/openbao/releases/download/v2.5.1/bao-hsm_2.5.1_Linux_x86_64.tar.gz"
url_api = "https://api.github.com/repos/openbao/openbao/releases/assets/360923386"

[tools.openbao."platforms.macos-arm64"]
checksum = "sha256:4287f2cfda7e0a127b7fef4f426c7c5a54ae8ade648fa5ad4b73b193264e82dd"
url = "https://github.com/openbao/openbao/releases/download/v2.5.1/bao_2.5.1_Darwin_arm64.tar.gz"
url_api = "https://api.github.com/repos/openbao/openbao/releases/assets/360919472"

[tools.openbao."platforms.macos-x64"]
checksum = "sha256:1ade9fdad23892b94ff0155f79ce32399f63deed382b2dd3b9f7b81b43ab2a21"
url = "https://github.com/openbao/openbao/releases/download/v2.5.1/bao_2.5.1_Darwin_x86_64.tar.gz"
url_api = "https://api.github.com/repos/openbao/openbao/releases/assets/360919471"

[tools.openbao."platforms.windows-x64"]
checksum = "sha256:5cde813a8806772ffad73367e22020818cb5742b8f0cf421779a80bcca8e5313"
url = "https://github.com/openbao/openbao/releases/download/v2.5.1/bao_2.5.1_Windows_x86_64.zip"
url_api = "https://api.github.com/repos/openbao/openbao/releases/assets/360920955"

[[tools.opentofu]]
version = "1.11.5"
backend = "aqua:opentofu/opentofu"

[tools.opentofu."platforms.linux-x64"]
checksum = "sha256:e73868ab8abaca15d3c974dcf6a5e878860d6f2212867433aa3d8f2b43a492d9"
url = "https://github.com/opentofu/opentofu/releases/download/v1.11.5/tofu_1.11.5_linux_amd64.tar.gz"

[[tools.packer]]
version = "1.15.0"
backend = "aqua:hashicorp/packer"

[tools.packer."platforms.linux-x64"]
checksum = "sha256:2fd1149c5c6c7604ced64d7b56638af05f6b7ed3f6835182bc913ddaba1f16b8"
url = "https://releases.hashicorp.com/packer/1.15.0/packer_1.15.0_linux_amd64.zip"

[[tools.php]]
version = "8.5.2"
backend = "vfox:php"

[[tools.python]]
version = "3.14.3"
backend = "core:python"

[[tools.ripgrep]]
version = "15.1.0"
backend = "aqua:BurntSushi/ripgrep"

[[tools.ruby]]
version = "4.0.1"
backend = "core:ruby"

[[tools.rust]]
version = "1.94.0"
backend = "core:rust"

[[tools.sops]]
version = "3.12.1"
backend = "aqua:getsops/sops"

[tools.sops."platforms.linux-arm64"]
checksum = "sha256:c7904d07bf1fb3ffdc329b0103ce70ff6a884aa7af7931427402bea0c09cc522"
url = "https://github.com/getsops/sops/releases/download/v3.12.1/sops-v3.12.1.linux.arm64"

[tools.sops."platforms.linux-x64"]
checksum = "sha256:cf3136d20a6004405c986a48e179c3c7a731f777fbf105a37bd5dac5c9047100"
url = "https://github.com/getsops/sops/releases/download/v3.12.1/sops-v3.12.1.linux.amd64"

[tools.sops."platforms.macos-arm64"]
checksum = "sha256:3a23c388e2d7b9beff306f4817d197698b1d9ddf01c10020470c94225435e901"
url = "https://github.com/getsops/sops/releases/download/v3.12.1/sops-v3.12.1.darwin.arm64"

[tools.sops."platforms.macos-x64"]
checksum = "sha256:d6d296499e08d62325d933e4572fe8b6b9b11d0c08ee00d09b518a2731814c7b"
url = "https://github.com/getsops/sops/releases/download/v3.12.1/sops-v3.12.1.darwin.amd64"

[tools.sops."platforms.windows-x64"]
checksum = "sha256:161eff06643ca77cc0585099e0888d04897827162fd62bdb79cc1bcff933330f"
url = "https://github.com/getsops/sops/releases/download/v3.12.1/sops-v3.12.1.amd64.exe"

[[tools.starship]]
version = "1.24.2"
backend = "aqua:starship/starship"

[[tools.terraform]]
version = "1.14.6"
backend = "aqua:hashicorp/terraform"

[tools.terraform."platforms.linux-arm64"]
checksum = "sha256:190037f64695556ac75965c00da5d85b3663f38553d909e9a51c4490cba4b6c1"
url = "https://releases.hashicorp.com/terraform/1.14.6/terraform_1.14.6_linux_arm64.zip"

[tools.terraform."platforms.linux-x64"]
checksum = "sha256:364c6ee08b0cb8fcbb28a115aacb2aa48e88abc56c149170bd65c2f75d98ea8d"
url = "https://releases.hashicorp.com/terraform/1.14.6/terraform_1.14.6_linux_amd64.zip"

[tools.terraform."platforms.macos-arm64"]
checksum = "sha256:5d91a8d6877e792de00be8db2324a2561edeb312ec2ff141b877131b82622c76"
url = "https://releases.hashicorp.com/terraform/1.14.6/terraform_1.14.6_darwin_arm64.zip"

[tools.terraform."platforms.macos-x64"]
checksum = "sha256:ae13b4d204b00a0742f13a3de78a78994918f31333b1537db682cd0a7085dac0"
url = "https://releases.hashicorp.com/terraform/1.14.6/terraform_1.14.6_darwin_amd64.zip"

[tools.terraform."platforms.windows-x64"]
checksum = "sha256:94e9be396dffde19df74744000fe3f5522546048bc81b5604a02328ac7eb1ab5"
url = "https://releases.hashicorp.com/terraform/1.14.6/terraform_1.14.6_windows_amd64.zip"

[[tools.tmux]]
version = "3.6a"
backend = "github:tmux/tmux-builds"

[tools.tmux."platforms.linux-arm64"]
checksum = "sha256:bb5afd9d646df54a7d7c66e198aa22c7d293c7453534f1670f7c540534db8b5e"
url = "https://github.com/tmux/tmux-builds/releases/download/v3.6a/tmux-3.6a-linux-arm64.tar.gz"
url_api = "https://api.github.com/repos/tmux/tmux-builds/releases/assets/331787049"

[tools.tmux."platforms.linux-arm64-musl"]
checksum = "sha256:bb5afd9d646df54a7d7c66e198aa22c7d293c7453534f1670f7c540534db8b5e"
url = "https://github.com/tmux/tmux-builds/releases/download/v3.6a/tmux-3.6a-linux-arm64.tar.gz"
url_api = "https://api.github.com/repos/tmux/tmux-builds/releases/assets/331787049"

[tools.tmux."platforms.linux-x64"]
checksum = "sha256:c0a772a5e6ca8f129b0111d10029a52e02bcbc8352d5a8c0d3de8466a1e59c2e"
url = "https://github.com/tmux/tmux-builds/releases/download/v3.6a/tmux-3.6a-linux-x86_64.tar.gz"
url_api = "https://api.github.com/repos/tmux/tmux-builds/releases/assets/331787044"

[tools.tmux."platforms.linux-x64-baseline"]
checksum = "sha256:c0a772a5e6ca8f129b0111d10029a52e02bcbc8352d5a8c0d3de8466a1e59c2e"
url = "https://github.com/tmux/tmux-builds/releases/download/v3.6a/tmux-3.6a-linux-x86_64.tar.gz"
url_api = "https://api.github.com/repos/tmux/tmux-builds/releases/assets/331787044"

[tools.tmux."platforms.linux-x64-musl"]
checksum = "sha256:c0a772a5e6ca8f129b0111d10029a52e02bcbc8352d5a8c0d3de8466a1e59c2e"
url = "https://github.com/tmux/tmux-builds/releases/download/v3.6a/tmux-3.6a-linux-x86_64.tar.gz"
url_api = "https://api.github.com/repos/tmux/tmux-builds/releases/assets/331787044"

[tools.tmux."platforms.linux-x64-musl-baseline"]
checksum = "sha256:c0a772a5e6ca8f129b0111d10029a52e02bcbc8352d5a8c0d3de8466a1e59c2e"
url = "https://github.com/tmux/tmux-builds/releases/download/v3.6a/tmux-3.6a-linux-x86_64.tar.gz"
url_api = "https://api.github.com/repos/tmux/tmux-builds/releases/assets/331787044"

[tools.tmux."platforms.macos-arm64"]
checksum = "sha256:12b5b9f8696e1286897d946649c0a80d0169dd76e018d34476a1fbd34de89a0f"
url = "https://github.com/tmux/tmux-builds/releases/download/v3.6a/tmux-3.6a-macos-arm64.tar.gz"
url_api = "https://api.github.com/repos/tmux/tmux-builds/releases/assets/331787046"

[tools.tmux."platforms.macos-x64"]
checksum = "sha256:b9b12eaeba43acf5671acf3857d947525440b544185a8db34ea557199a090251"
url = "https://github.com/tmux/tmux-builds/releases/download/v3.6a/tmux-3.6a-macos-x86_64.tar.gz"
url_api = "https://api.github.com/repos/tmux/tmux-builds/releases/assets/331787045"

[tools.tmux."platforms.macos-x64-baseline"]
checksum = "sha256:b9b12eaeba43acf5671acf3857d947525440b544185a8db34ea557199a090251"
url = "https://github.com/tmux/tmux-builds/releases/download/v3.6a/tmux-3.6a-macos-x86_64.tar.gz"
url_api = "https://api.github.com/repos/tmux/tmux-builds/releases/assets/331787045"

[tools.tmux."platforms.windows-x64"]
checksum = "sha256:8c2baf3d33c70512d1ee77ae2b337991a32eaae8e1cc47e597a2a77e78209ed6"
url = "https://github.com/tmux/tmux-builds/releases/download/v3.6a/LICENSES.tar.gz"
url_api = "https://api.github.com/repos/tmux/tmux-builds/releases/assets/331787047"

[tools.tmux."platforms.windows-x64-baseline"]
checksum = "sha256:8c2baf3d33c70512d1ee77ae2b337991a32eaae8e1cc47e597a2a77e78209ed6"
url = "https://github.com/tmux/tmux-builds/releases/download/v3.6a/LICENSES.tar.gz"
url_api = "https://api.github.com/repos/tmux/tmux-builds/releases/assets/331787047"

[[tools.tree-sitter]]
version = "0.26.6"
backend = "aqua:tree-sitter/tree-sitter"

[tools.tree-sitter."platforms.linux-arm64"]
checksum = "sha256:7beef62e5d2683085b87188be83b1a73c59229110a125c5f12d922ae57789a7a"
url = "https://github.com/tree-sitter/tree-sitter/releases/download/v0.26.6/tree-sitter-linux-arm64.gz"

[tools.tree-sitter."platforms.linux-x64"]
checksum = "sha256:2b9595064a7d9dbe208c6f09f521d73061f8039e4ffcc2fd08979d249aeabb54"
url = "https://github.com/tree-sitter/tree-sitter/releases/download/v0.26.6/tree-sitter-linux-x64.gz"

[tools.tree-sitter."platforms.macos-arm64"]
checksum = "sha256:8f2a04aa0c787041d4fdf82d4146a9e141df57fd3260cb6ab6e799ad398ce589"
url = "https://github.com/tree-sitter/tree-sitter/releases/download/v0.26.6/tree-sitter-macos-arm64.gz"

[tools.tree-sitter."platforms.macos-x64"]
checksum = "sha256:5dd5116ee7367e1fd3d117606df6187b04c5de1ebac200650c5a96c6a47a71f0"
url = "https://github.com/tree-sitter/tree-sitter/releases/download/v0.26.6/tree-sitter-macos-x64.gz"

[tools.tree-sitter."platforms.windows-x64"]
checksum = "sha256:76d52345b1ef0d1f1b3f4357b42f39bc521c0bf7e87c9e18664bbb71da1577b8"
url = "https://github.com/tree-sitter/tree-sitter/releases/download/v0.26.6/tree-sitter-windows-x64.gz"

[[tools.typst]]
version = "0.14.2"
backend = "aqua:typst/typst"

[[tools.usage]]
version = "2.18.2"
backend = "aqua:jdx/usage"

[tools.usage."platforms.linux-arm64"]
checksum = "sha256:7476160b4ad9cc04885b3ffbe3500d0763acd0b20e49cc75142786f175e8c5f0"
url = "https://github.com/jdx/usage/releases/download/v2.18.2/usage-aarch64-unknown-linux-musl.tar.gz"

[tools.usage."platforms.linux-x64"]
checksum = "sha256:0aee30563efbca157ec6cd8ae2c6f33c5caee6b51e0ddbf66b3b0c3fb9e4c17b"
url = "https://github.com/jdx/usage/releases/download/v2.18.2/usage-x86_64-unknown-linux-musl.tar.gz"

[tools.usage."platforms.macos-arm64"]
checksum = "sha256:6e316f2f5d821e10a6c3dbe6c02dbacb1f0079474a308b9e854912b9cca29d3f"
url = "https://github.com/jdx/usage/releases/download/v2.18.2/usage-universal-apple-darwin.tar.gz"

[tools.usage."platforms.macos-x64"]
checksum = "sha256:6e316f2f5d821e10a6c3dbe6c02dbacb1f0079474a308b9e854912b9cca29d3f"
url = "https://github.com/jdx/usage/releases/download/v2.18.2/usage-universal-apple-darwin.tar.gz"

[tools.usage."platforms.windows-x64"]
checksum = "sha256:a98a55a60d536758d6372e4813dc21698afb7c562eb3c78b0769f232b2bcc9b3"
url = "https://github.com/jdx/usage/releases/download/v2.18.2/usage-x86_64-pc-windows-msvc.zip"

[[tools.uv]]
version = "0.10.9"
backend = "aqua:astral-sh/uv"

[tools.uv."platforms.linux-arm64"]
checksum = "sha256:05b0d3087e913ebe11756365a90dd47c05d6728752fdbe129ad4c3ccd769826d"
url = "https://github.com/astral-sh/uv/releases/download/0.10.9/uv-aarch64-unknown-linux-musl.tar.gz"

[tools.uv."platforms.linux-x64"]
checksum = "sha256:433e56874739e92c7cfd661ba9e5f287b376ca612c08c8194a41a98a13158aea"
url = "https://github.com/astral-sh/uv/releases/download/0.10.9/uv-x86_64-unknown-linux-musl.tar.gz"

[tools.uv."platforms.macos-arm64"]
checksum = "sha256:a92f61e9ac9b0f29668c15f56152e4a60143fca148ff5bfadb86718472c3f376"
url = "https://github.com/astral-sh/uv/releases/download/0.10.9/uv-aarch64-apple-darwin.tar.gz"

[tools.uv."platforms.macos-x64"]
checksum = "sha256:9cc2de7d195fa157f98b306a8a1cb151ded93f488939b93363cebc8b9d598c28"
url = "https://github.com/astral-sh/uv/releases/download/0.10.9/uv-x86_64-apple-darwin.tar.gz"

[tools.uv."platforms.windows-x64"]
checksum = "sha256:f58dc40896000229db7c52b8bdd931394040ef2ad59abd1eda841f6d70b13d7a"
url = "https://github.com/astral-sh/uv/releases/download/0.10.9/uv-x86_64-pc-windows-msvc.zip"

[[tools.zig]]
version = "0.15.2"
backend = "core:zig"

[tools.zig."platforms.linux-arm64"]
checksum = "sha256:958ed7d1e00d0ea76590d27666efbf7a932281b3d7ba0c6b01b0ff26498f667f"
url = "https://ziglang.org/download/0.15.2/zig-aarch64-linux-0.15.2.tar.xz"

[tools.zig."platforms.linux-arm64-musl"]
checksum = "sha256:958ed7d1e00d0ea76590d27666efbf7a932281b3d7ba0c6b01b0ff26498f667f"
url = "https://ziglang.org/download/0.15.2/zig-aarch64-linux-0.15.2.tar.xz"

[tools.zig."platforms.linux-x64"]
checksum = "sha256:02aa270f183da276e5b5920b1dac44a63f1a49e55050ebde3aecc9eb82f93239"
url = "https://ziglang.org/download/0.15.2/zig-x86_64-linux-0.15.2.tar.xz"
provenance = "minisign"

[tools.zig."platforms.linux-x64-baseline"]
checksum = "sha256:02aa270f183da276e5b5920b1dac44a63f1a49e55050ebde3aecc9eb82f93239"
url = "https://ziglang.org/download/0.15.2/zig-x86_64-linux-0.15.2.tar.xz"

[tools.zig."platforms.linux-x64-musl"]
checksum = "sha256:02aa270f183da276e5b5920b1dac44a63f1a49e55050ebde3aecc9eb82f93239"
url = "https://ziglang.org/download/0.15.2/zig-x86_64-linux-0.15.2.tar.xz"

[tools.zig."platforms.linux-x64-musl-baseline"]
checksum = "sha256:02aa270f183da276e5b5920b1dac44a63f1a49e55050ebde3aecc9eb82f93239"
url = "https://ziglang.org/download/0.15.2/zig-x86_64-linux-0.15.2.tar.xz"

[tools.zig."platforms.macos-arm64"]
checksum = "sha256:3cc2bab367e185cdfb27501c4b30b1b0653c28d9f73df8dc91488e66ece5fa6b"
url = "https://ziglang.org/download/0.15.2/zig-aarch64-macos-0.15.2.tar.xz"

[tools.zig."platforms.macos-x64"]
checksum = "sha256:375b6909fc1495d16fc2c7db9538f707456bfc3373b14ee83fdd3e22b3d43f7f"
url = "https://ziglang.org/download/0.15.2/zig-x86_64-macos-0.15.2.tar.xz"

[tools.zig."platforms.macos-x64-baseline"]
checksum = "sha256:375b6909fc1495d16fc2c7db9538f707456bfc3373b14ee83fdd3e22b3d43f7f"
url = "https://ziglang.org/download/0.15.2/zig-x86_64-macos-0.15.2.tar.xz"

[tools.zig."platforms.windows-x64"]
checksum = "sha256:3a0ed1e8799a2f8ce2a6e6290a9ff22e6906f8227865911fb7ddedc3cc14cb0c"
url = "https://ziglang.org/download/0.15.2/zig-x86_64-windows-0.15.2.zip"

[tools.zig."platforms.windows-x64-baseline"]
checksum = "sha256:3a0ed1e8799a2f8ce2a6e6290a9ff22e6906f8227865911fb7ddedc3cc14cb0c"
url = "https://ziglang.org/download/0.15.2/zig-x86_64-windows-0.15.2.zip"
